// !$*UTF8*$!
{
	archiveVersion = 1;
	classes = {
	};
	objectVersion = 46;
	objects = {

/* Begin PBXBuildFile section */
		37E86A981D79D6AA008C4E13 /* AppDelegate.swift in Sources */ = {isa = PBXBuildFile; fileRef = 37E86A971D79D6AA008C4E13 /* AppDelegate.swift */; };
		37E86A9A1D79D6AA008C4E13 /* ViewController.swift in Sources */ = {isa = PBXBuildFile; fileRef = 37E86A991D79D6AA008C4E13 /* ViewController.swift */; };
		37E86A9D1D79D6AA008C4E13 /* Main.storyboard in Resources */ = {isa = PBXBuildFile; fileRef = 37E86A9B1D79D6AA008C4E13 /* Main.storyboard */; };
		37E86AA01D79D6AA008C4E13 /* checkMates.xcdatamodeld in Sources */ = {isa = PBXBuildFile; fileRef = 37E86A9E1D79D6AA008C4E13 /* checkMates.xcdatamodeld */; };
		37E86AA21D79D6AA008C4E13 /* Assets.xcassets in Resources */ = {isa = PBXBuildFile; fileRef = 37E86AA11D79D6AA008C4E13 /* Assets.xcassets */; };
		37E86AA51D79D6AA008C4E13 /* LaunchScreen.storyboard in Resources */ = {isa = PBXBuildFile; fileRef = 37E86AA31D79D6AA008C4E13 /* LaunchScreen.storyboard */; };
		37E86AB01D79D6AA008C4E13 /* checkMatesTests.swift in Sources */ = {isa = PBXBuildFile; fileRef = 37E86AAF1D79D6AA008C4E13 /* checkMatesTests.swift */; };
/* End PBXBuildFile section */

/* Begin PBXContainerItemProxy section */
		37E86AAC1D79D6AA008C4E13 /* PBXContainerItemProxy */ = {
			isa = PBXContainerItemProxy;
			containerPortal = 37E86A8C1D79D6AA008C4E13 /* Project object */;
			proxyType = 1;
			remoteGlobalIDString = 37E86A931D79D6AA008C4E13;
			remoteInfo = checkMates;
		};
/* End PBXContainerItemProxy section */

/* Begin PBXFileReference section */
		37E86A941D79D6AA008C4E13 /* checkMates.app */ = {isa = PBXFileReference; explicitFileType = wrapper.application; includeInIndex = 0; path = checkMates.app; sourceTree = BUILT_PRODUCTS_DIR; };
		37E86A971D79D6AA008C4E13 /* AppDelegate.swift */ = {isa = PBXFileReference; lastKnownFileType = sourcecode.swift; path = AppDelegate.swift; sourceTree = "<group>"; };
		37E86A991D79D6AA008C4E13 /* ViewController.swift */ = {isa = PBXFileReference; lastKnownFileType = sourcecode.swift; path = ViewController.swift; sourceTree = "<group>"; };
		37E86A9C1D79D6AA008C4E13 /* Base */ = {isa = PBXFileReference; lastKnownFileType = file.storyboard; name = Base; path = Base.lproj/Main.storyboard; sourceTree = "<group>"; };
		37E86A9F1D79D6AA008C4E13 /* checkMates.xcdatamodel */ = {isa = PBXFileReference; lastKnownFileType = wrapper.xcdatamodel; path = checkMates.xcdatamodel; sourceTree = "<group>"; };
		37E86AA11D79D6AA008C4E13 /* Assets.xcassets */ = {isa = PBXFileReference; lastKnownFileType = folder.assetcatalog; path = Assets.xcassets; sourceTree = "<group>"; };
		37E86AA41D79D6AA008C4E13 /* Base */ = {isa = PBXFileReference; lastKnownFileType = file.storyboard; name = Base; path = Base.lproj/LaunchScreen.storyboard; sourceTree = "<group>"; };
		37E86AA61D79D6AA008C4E13 /* Info.plist */ = {isa = PBXFileReference; lastKnownFileType = text.plist.xml; path = Info.plist; sourceTree = "<group>"; };
		37E86AAB1D79D6AA008C4E13 /* checkMatesTests.xctest */ = {isa = PBXFileReference; explicitFileType = wrapper.cfbundle; includeInIndex = 0; path = checkMatesTests.xctest; sourceTree = BUILT_PRODUCTS_DIR; };
		37E86AAF1D79D6AA008C4E13 /* checkMatesTests.swift */ = {isa = PBXFileReference; lastKnownFileType = sourcecode.swift; path = checkMatesTests.swift; sourceTree = "<group>"; };
		37E86AB11D79D6AA008C4E13 /* Info.plist */ = {isa = PBXFileReference; lastKnownFileType = text.plist.xml; path = Info.plist; sourceTree = "<group>"; };
/* End PBXFileReference section */

/* Begin PBXFrameworksBuildPhase section */
		37E86A911D79D6AA008C4E13 /* Frameworks */ = {
			isa = PBXFrameworksBuildPhase;
			buildActionMask = 2147483647;
			files = (
			);
			runOnlyForDeploymentPostprocessing = 0;
		};
		37E86AA81D79D6AA008C4E13 /* Frameworks */ = {
			isa = PBXFrameworksBuildPhase;
			buildActionMask = 2147483647;
			files = (
			);
			runOnlyForDeploymentPostprocessing = 0;
		};
/* End PBXFrameworksBuildPhase section */

/* Begin PBXGroup section */
		37E86A8B1D79D6AA008C4E13 = {
			isa = PBXGroup;
			children = (
				37E86A961D79D6AA008C4E13 /* checkMates */,
				37E86AAE1D79D6AA008C4E13 /* checkMatesTests */,
				37E86A951D79D6AA008C4E13 /* Products */,
			);
			sourceTree = "<group>";
		};
		37E86A951D79D6AA008C4E13 /* Products */ = {
			isa = PBXGroup;
			children = (
				37E86A941D79D6AA008C4E13 /* checkMates.app */,
				37E86AAB1D79D6AA008C4E13 /* checkMatesTests.xctest */,
			);
			name = Products;
			sourceTree = "<group>";
		};
		37E86A961D79D6AA008C4E13 /* checkMates */ = {
			isa = PBXGroup;
			children = (
				37E86A971D79D6AA008C4E13 /* AppDelegate.swift */,
				37E86A991D79D6AA008C4E13 /* ViewController.swift */,
				37E86A9B1D79D6AA008C4E13 /* Main.storyboard */,
				37E86AA11D79D6AA008C4E13 /* Assets.xcassets */,
				37E86AA31D79D6AA008C4E13 /* LaunchScreen.storyboard */,
				37E86AA61D79D6AA008C4E13 /* Info.plist */,
				37E86A9E1D79D6AA008C4E13 /* checkMates.xcdatamodeld */,
			);
			path = checkMates;
			sourceTree = "<group>";
		};
		37E86AAE1D79D6AA008C4E13 /* checkMatesTests */ = {
			isa = PBXGroup;
			children = (
				37E86AAF1D79D6AA008C4E13 /* checkMatesTests.swift */,
				37E86AB11D79D6AA008C4E13 /* Info.plist */,
			);
			path = checkMatesTests;
			sourceTree = "<group>";
		};
/* End PBXGroup section */

/* Begin PBXNativeTarget section */
		37E86A931D79D6AA008C4E13 /* checkMates */ = {
			isa = PBXNativeTarget;
			buildConfigurationList = 37E86AB41D79D6AA008C4E13 /* Build configuration list for PBXNativeTarget "checkMates" */;
			buildPhases = (
				37E86A901D79D6AA008C4E13 /* Sources */,
				37E86A911D79D6AA008C4E13 /* Frameworks */,
				37E86A921D79D6AA008C4E13 /* Resources */,
			);
			buildRules = (
			);
			dependencies = (
			);
			name = checkMates;
			productName = checkMates;
			productReference = 37E86A941D79D6AA008C4E13 /* checkMates.app */;
			productType = "com.apple.product-type.application";
		};
		37E86AAA1D79D6AA008C4E13 /* checkMatesTests */ = {
			isa = PBXNativeTarget;
			buildConfigurationList = 37E86AB71D79D6AA008C4E13 /* Build configuration list for PBXNativeTarget "checkMatesTests" */;
			buildPhases = (
				37E86AA71D79D6AA008C4E13 /* Sources */,
				37E86AA81D79D6AA008C4E13 /* Frameworks */,
				37E86AA91D79D6AA008C4E13 /* Resources */,
			);
			buildRules = (
			);
			dependencies = (
				37E86AAD1D79D6AA008C4E13 /* PBXTargetDependency */,
			);
			name = checkMatesTests;
			productName = checkMatesTests;
			productReference = 37E86AAB1D79D6AA008C4E13 /* checkMatesTests.xctest */;
			productType = "com.apple.product-type.bundle.unit-test";
		};
/* End PBXNativeTarget section */

/* Begin PBXProject section */
		37E86A8C1D79D6AA008C4E13 /* Project object */ = {
			isa = PBXProject;
			attributes = {
				LastSwiftUpdateCheck = 0730;
				LastUpgradeCheck = 0730;
				ORGANIZATIONNAME = checkMates;
				TargetAttributes = {
					37E86A931D79D6AA008C4E13 = {
						CreatedOnToolsVersion = 7.3.1;
					};
					37E86AAA1D79D6AA008C4E13 = {
						CreatedOnToolsVersion = 7.3.1;
						TestTargetID = 37E86A931D79D6AA008C4E13;
					};
				};
			};
			buildConfigurationList = 37E86A8F1D79D6AA008C4E13 /* Build configuration list for PBXProject "checkMates" */;
			compatibilityVersion = "Xcode 3.2";
			developmentRegion = English;
			hasScannedForEncodings = 0;
			knownRegions = (
				en,
				Base,
			);
			mainGroup = 37E86A8B1D79D6AA008C4E13;
			productRefGroup = 37E86A951D79D6AA008C4E13 /* Products */;
			projectDirPath = "";
			projectRoot = "";
			targets = (
				37E86A931D79D6AA008C4E13 /* checkMates */,
				37E86AAA1D79D6AA008C4E13 /* checkMatesTests */,
			);
		};
/* End PBXProject section */

/* Begin PBXResourcesBuildPhase section */
		37E86A921D79D6AA008C4E13 /* Resources */ = {
			isa = PBXResourcesBuildPhase;
			buildActionMask = 2147483647;
			files = (
				37E86AA51D79D6AA008C4E13 /* LaunchScreen.storyboard in Resources */,
				37E86AA21D79D6AA008C4E13 /* Assets.xcassets in Resources */,
				37E86A9D1D79D6AA008C4E13 /* Main.storyboard in Resources */,
			);
			runOnlyForDeploymentPostprocessing = 0;
		};
		37E86AA91D79D6AA008C4E13 /* Resources */ = {
			isa = PBXResourcesBuildPhase;
			buildActionMask = 2147483647;
			files = (
			);
			runOnlyForDeploymentPostprocessing = 0;
		};
/* End PBXResourcesBuildPhase section */

/* Begin PBXSourcesBuildPhase section */
		37E86A901D79D6AA008C4E13 /* Sources */ = {
			isa = PBXSourcesBuildPhase;
			buildActionMask = 2147483647;
			files = (
				37E86AA01D79D6AA008C4E13 /* checkMates.xcdatamodeld in Sources */,
				37E86A9A1D79D6AA008C4E13 /* ViewController.swift in Sources */,
				37E86A981D79D6AA008C4E13 /* AppDelegate.swift in Sources */,
			);
			runOnlyForDeploymentPostprocessing = 0;
		};
		37E86AA71D79D6AA008C4E13 /* Sources */ = {
			isa = PBXSourcesBuildPhase;
			buildActionMask = 2147483647;
			files = (
				37E86AB01D79D6AA008C4E13 /* checkMatesTests.swift in Sources */,
			);
			runOnlyForDeploymentPostprocessing = 0;
		};
/* End PBXSourcesBuildPhase section */

/* Begin PBXTargetDependency section */
		37E86AAD1D79D6AA008C4E13 /* PBXTargetDependency */ = {
			isa = PBXTargetDependency;
			target = 37E86A931D79D6AA008C4E13 /* checkMates */;
			targetProxy = 37E86AAC1D79D6AA008C4E13 /* PBXContainerItemProxy */;
		};
/* End PBXTargetDependency section */

/* Begin PBXVariantGroup section */
		37E86A9B1D79D6AA008C4E13 /* Main.storyboard */ = {
			isa = PBXVariantGroup;
			children = (
				37E86A9C1D79D6AA008C4E13 /* Base */,
			);
			name = Main.storyboard;
			sourceTree = "<group>";
		};
		37E86AA31D79D6AA008C4E13 /* LaunchScreen.storyboard */ = {
			isa = PBXVariantGroup;
			children = (
				37E86AA41D79D6AA008C4E13 /* Base */,
			);
			name = LaunchScreen.storyboard;
			sourceTree = "<group>";
		};
/* End PBXVariantGroup section */

/* Begin XCBuildConfiguration section */
		37E86AB21D79D6AA008C4E13 /* Debug */ = {
			isa = XCBuildConfiguration;
			buildSettings = {
				ALWAYS_SEARCH_USER_PATHS = NO;
				CLANG_ANALYZER_NONNULL = YES;
				CLANG_CXX_LANGUAGE_STANDARD = "gnu++0x";
				CLANG_CXX_LIBRARY = "libc++";
				CLANG_ENABLE_MODULES = YES;
				CLANG_ENABLE_OBJC_ARC = YES;
				CLANG_WARN_BOOL_CONVERSION = YES;
				CLANG_WARN_CONSTANT_CONVERSION = YES;
				CLANG_WARN_DIRECT_OBJC_ISA_USAGE = YES_ERROR;
				CLANG_WARN_EMPTY_BODY = YES;
				CLANG_WARN_ENUM_CONVERSION = YES;
				CLANG_WARN_INT_CONVERSION = YES;
				CLANG_WARN_OBJC_ROOT_CLASS = YES_ERROR;
				CLANG_WARN_UNREACHABLE_CODE = YES;
				CLANG_WARN__DUPLICATE_METHOD_MATCH = YES;
				"CODE_SIGN_IDENTITY[sdk=iphoneos*]" = "iPhone Developer";
				COPY_PHASE_STRIP = NO;
				DEBUG_INFORMATION_FORMAT = dwarf;
				ENABLE_STRICT_OBJC_MSGSEND = YES;
				ENABLE_TESTABILITY = YES;
				GCC_C_LANGUAGE_STANDARD = gnu99;
				GCC_DYNAMIC_NO_PIC = NO;
				GCC_NO_COMMON_BLOCKS = YES;
				GCC_OPTIMIZATION_LEVEL = 0;
				GCC_PREPROCESSOR_DEFINITIONS = (
					"DEBUG=1",
					"$(inherited)",
				);
				GCC_WARN_64_TO_32_BIT_CONVERSION = YES;
				GCC_WARN_ABOUT_RETURN_TYPE = YES_ERROR;
				GCC_WARN_UNDECLARED_SELECTOR = YES;
				GCC_WARN_UNINITIALIZED_AUTOS = YES_AGGRESSIVE;
				GCC_WARN_UNUSED_FUNCTION = YES;
				GCC_WARN_UNUSED_VARIABLE = YES;
				IPHONEOS_DEPLOYMENT_TARGET = 9.3;
				MTL_ENABLE_DEBUG_INFO = YES;
				ONLY_ACTIVE_ARCH = YES;
				SDKROOT = iphoneos;
				SWIFT_OPTIMIZATION_LEVEL = "-Onone";
				TARGETED_DEVICE_FAMILY = "1,2";
			};
			name = Debug;
		};
		37E86AB31D79D6AA008C4E13 /* Release */ = {
			isa = XCBuildConfiguration;
			buildSettings = {
				ALWAYS_SEARCH_USER_PATHS = NO;
				CLANG_ANALYZER_NONNULL = YES;
				CLANG_CXX_LANGUAGE_STANDARD = "gnu++0x";
				CLANG_CXX_LIBRARY = "libc++";
				CLANG_ENABLE_MODULES = YES;
				CLANG_ENABLE_OBJC_ARC = YES;
				CLANG_WARN_BOOL_CONVERSION = YES;
				CLANG_WARN_CONSTANT_CONVERSION = YES;
				CLANG_WARN_DIRECT_OBJC_ISA_USAGE = YES_ERROR;
				CLANG_WARN_EMPTY_BODY = YES;
				CLANG_WARN_ENUM_CONVERSION = YES;
				CLANG_WARN_INT_CONVERSION = YES;
				CLANG_WARN_OBJC_ROOT_CLASS = YES_ERROR;
				CLANG_WARN_UNREACHABLE_CODE = YES;
				CLANG_WARN__DUPLICATE_METHOD_MATCH = YES;
				"CODE_SIGN_IDENTITY[sdk=iphoneos*]" = "iPhone Developer";
				COPY_PHASE_STRIP = NO;
				DEBUG_INFORMATION_FORMAT = "dwarf-with-dsym";
				ENABLE_NS_ASSERTIONS = NO;
				ENABLE_STRICT_OBJC_MSGSEND = YES;
				GCC_C_LANGUAGE_STANDARD = gnu99;
				GCC_NO_COMMON_BLOCKS = YES;
				GCC_WARN_64_TO_32_BIT_CONVERSION = YES;
				GCC_WARN_ABOUT_RETURN_TYPE = YES_ERROR;
				GCC_WARN_UNDECLARED_SELECTOR = YES;
				GCC_WARN_UNINITIALIZED_AUTOS = YES_AGGRESSIVE;
				GCC_WARN_UNUSED_FUNCTION = YES;
				GCC_WARN_UNUSED_VARIABLE = YES;
				IPHONEOS_DEPLOYMENT_TARGET = 9.3;
				MTL_ENABLE_DEBUG_INFO = NO;
				SDKROOT = iphoneos;
				TARGETED_DEVICE_FAMILY = "1,2";
				VALIDATE_PRODUCT = YES;
			};
			name = Release;
		};
		37E86AB51D79D6AA008C4E13 /* Debug */ = {
			isa = XCBuildConfiguration;
			buildSettings = {
				ASSETCATALOG_COMPILER_APPICON_NAME = AppIcon;
				INFOPLIST_FILE = checkMates/Info.plist;
				LD_RUNPATH_SEARCH_PATHS = "$(inherited) @executable_path/Frameworks";
				PRODUCT_BUNDLE_IDENTIFIER = com.checkmatesapp.checkMates;
				PRODUCT_NAME = "$(TARGET_NAME)";
			};
			name = Debug;
		};
		37E86AB61D79D6AA008C4E13 /* Release */ = {
			isa = XCBuildConfiguration;
			buildSettings = {
				ASSETCATALOG_COMPILER_APPICON_NAME = AppIcon;
				INFOPLIST_FILE = checkMates/Info.plist;
				LD_RUNPATH_SEARCH_PATHS = "$(inherited) @executable_path/Frameworks";
				PRODUCT_BUNDLE_IDENTIFIER = com.checkmatesapp.checkMates;
				PRODUCT_NAME = "$(TARGET_NAME)";
			};
			name = Release;
		};
		37E86AB81D79D6AA008C4E13 /* Debug */ = {
			isa = XCBuildConfiguration;
			buildSettings = {
				BUNDLE_LOADER = "$(TEST_HOST)";
				INFOPLIST_FILE = checkMatesTests/Info.plist;
				LD_RUNPATH_SEARCH_PATHS = "$(inherited) @executable_path/Frameworks @loader_path/Frameworks";
				PRODUCT_BUNDLE_IDENTIFIER = com.checkmatesapp.checkMatesTests;
				PRODUCT_NAME = "$(TARGET_NAME)";
				TEST_HOST = "$(BUILT_PRODUCTS_DIR)/checkMates.app/checkMates";
			};
			name = Debug;
		};
		37E86AB91D79D6AA008C4E13 /* Release */ = {
			isa = XCBuildConfiguration;
			buildSettings = {
				BUNDLE_LOADER = "$(TEST_HOST)";
				INFOPLIST_FILE = checkMatesTests/Info.plist;
				LD_RUNPATH_SEARCH_PATHS = "$(inherited) @executable_path/Frameworks @loader_path/Frameworks";
				PRODUCT_BUNDLE_IDENTIFIER = com.checkmatesapp.checkMatesTests;
				PRODUCT_NAME = "$(TARGET_NAME)";
				TEST_HOST = "$(BUILT_PRODUCTS_DIR)/checkMates.app/checkMates";
			};
			name = Release;
		};
/* End XCBuildConfiguration section */

/* Begin XCConfigurationList section */
		37E86A8F1D79D6AA008C4E13 /* Build configuration list for PBXProject "checkMates" */ = {
			isa = XCConfigurationList;
			buildConfigurations = (
				37E86AB21D79D6AA008C4E13 /* Debug */,
				37E86AB31D79D6AA008C4E13 /* Release */,
			);
			defaultConfigurationIsVisible = 0;
			defaultConfigurationName = Release;
		};
		37E86AB41D79D6AA008C4E13 /* Build configuration list for PBXNativeTarget "checkMates" */ = {
			isa = XCConfigurationList;
			buildConfigurations = (
				37E86AB51D79D6AA008C4E13 /* Debug */,
				37E86AB61D79D6AA008C4E13 /* Release */,
			);
			defaultConfigurationIsVisible = 0;
		};
		37E86AB71D79D6AA008C4E13 /* Build configuration list for PBXNativeTarget "checkMatesTests" */ = {
			isa = XCConfigurationList;
			buildConfigurations = (
				37E86AB81D79D6AA008C4E13 /* Debug */,
				37E86AB91D79D6AA008C4E13 /* Release */,
			);
			defaultConfigurationIsVisible = 0;
		};
/* End XCConfigurationList section */

/* Begin XCVersionGroup section */
		37E86A9E1D79D6AA008C4E13 /* checkMates.xcdatamodeld */ = {
			isa = XCVersionGroup;
			children = (
				37E86A9F1D79D6AA008C4E13 /* checkMates.xcdatamodel */,
			);
			currentVersion = 37E86A9F1D79D6AA008C4E13 /* checkMates.xcdatamodel */;
			path = checkMates.xcdatamodeld;
			sourceTree = "<group>";
			versionGroupType = wrapper.xcdatamodel;
		};
/* End XCVersionGroup section */
	};
	rootObject = 37E86A8C1D79D6AA008C4E13 /* Project object */;
}
