<?xml version="1.0" encoding="UTF-8"?>
<!DOCTYPE plist PUBLIC "-//Apple//DTD PLIST 1.0//EN" "http://www.apple.com/DTDs/PropertyList-1.0.dtd">
<plist version="1.0">
<dict>
	<key>archiveVersion</key>
	<string>1</string>
	<key>classes</key>
	<dict/>
	<key>objectVersion</key>
	<string>47</string>
	<key>objects</key>
	<dict>
		<key>08A82514BAE31ECCD4AC90F8</key>
		<dict>
			<key>children</key>
			<array>
				<string>3FB9AF96E783179B2D9DB3A7</string>
				<string>D04E908A4BFC81243AB043F0</string>
				<string>FF31C7DB4B4D02BE41807111</string>
				<string>6FBD813886AD076F330957DF</string>
				<string>D2765000CA654D086380CEDF</string>
				<string>2DC6C1859DFE4CA960B5328A</string>
			</array>
			<key>isa</key>
			<string>PBXGroup</string>
			<key>name</key>
			<string>Pods</string>
			<key>sourceTree</key>
			<string>&lt;group&gt;</string>
		</dict>
		<key>0D9462601D7BC3A400621D3A</key>
		<dict>
			<key>fileEncoding</key>
			<string>4</string>
			<key>isa</key>
			<string>PBXFileReference</string>
			<key>lastKnownFileType</key>
			<string>sourcecode.swift</string>
			<key>path</key>
			<string>ColorExtensions.swift</string>
			<key>sourceTree</key>
			<string>&lt;group&gt;</string>
		</dict>
		<key>0D9462611D7BC3A400621D3A</key>
		<dict>
			<key>fileRef</key>
			<string>0D9462601D7BC3A400621D3A</string>
			<key>isa</key>
			<string>PBXBuildFile</string>
		</dict>
		<key>0D9462621D7BD08F00621D3A</key>
		<dict>
			<key>isa</key>
			<string>PBXFileReference</string>
			<key>lastKnownFileType</key>
			<string>folder.assetcatalog</string>
			<key>path</key>
			<string>Assets.xcassets</string>
			<key>sourceTree</key>
			<string>&lt;group&gt;</string>
		</dict>
		<key>0D9462631D7BD08F00621D3A</key>
		<dict>
			<key>fileRef</key>
			<string>0D9462621D7BD08F00621D3A</string>
			<key>isa</key>
			<string>PBXBuildFile</string>
		</dict>
		<key>0D9462641D7BD64100621D3A</key>
		<dict>
			<key>fileEncoding</key>
			<string>4</string>
			<key>isa</key>
			<string>PBXFileReference</string>
			<key>lastKnownFileType</key>
			<string>sourcecode.swift</string>
			<key>path</key>
			<string>AddReceiptViewConroller.swift</string>
			<key>sourceTree</key>
			<string>&lt;group&gt;</string>
		</dict>
		<key>0D9462651D7BD64100621D3A</key>
		<dict>
			<key>fileRef</key>
			<string>0D9462641D7BD64100621D3A</string>
			<key>isa</key>
			<string>PBXBuildFile</string>
		</dict>
		<key>0D9462661D7BD65A00621D3A</key>
		<dict>
			<key>fileEncoding</key>
			<string>4</string>
			<key>isa</key>
			<string>PBXFileReference</string>
			<key>lastKnownFileType</key>
			<string>sourcecode.swift</string>
			<key>path</key>
			<string>ReceiptsViewController.swift</string>
			<key>sourceTree</key>
			<string>&lt;group&gt;</string>
		</dict>
		<key>0D9462671D7BD65A00621D3A</key>
		<dict>
			<key>fileRef</key>
			<string>0D9462661D7BD65A00621D3A</string>
			<key>isa</key>
			<string>PBXBuildFile</string>
		</dict>
		<key>0D9462681D7BD66D00621D3A</key>
		<dict>
			<key>fileEncoding</key>
			<string>4</string>
			<key>isa</key>
			<string>PBXFileReference</string>
			<key>lastKnownFileType</key>
			<string>sourcecode.swift</string>
			<key>path</key>
			<string>SnapReceiptsViewConroller.swift</string>
			<key>sourceTree</key>
			<string>&lt;group&gt;</string>
		</dict>
		<key>0D9462691D7BD66D00621D3A</key>
		<dict>
			<key>fileRef</key>
			<string>0D9462681D7BD66D00621D3A</string>
			<key>isa</key>
			<string>PBXBuildFile</string>
		</dict>
		<key>0D94626A1D7BD97800621D3A</key>
		<dict>
			<key>fileEncoding</key>
			<string>4</string>
			<key>isa</key>
			<string>PBXFileReference</string>
			<key>lastKnownFileType</key>
			<string>sourcecode.swift</string>
			<key>path</key>
			<string>TabBarControllerClass.swift</string>
			<key>sourceTree</key>
			<string>&lt;group&gt;</string>
		</dict>
		<key>0D94626B1D7BD97800621D3A</key>
		<dict>
			<key>fileRef</key>
			<string>0D94626A1D7BD97800621D3A</string>
			<key>isa</key>
			<string>PBXBuildFile</string>
		</dict>
		<key>10D331BD55CDF0FE642AD432</key>
		<dict>
			<key>explicitFileType</key>
			<string>wrapper.framework</string>
			<key>includeInIndex</key>
			<string>0</string>
			<key>isa</key>
			<string>PBXFileReference</string>
			<key>path</key>
			<string>Pods_CheckMates.framework</string>
			<key>sourceTree</key>
			<string>BUILT_PRODUCTS_DIR</string>
		</dict>
		<key>2DC6C1859DFE4CA960B5328A</key>
		<dict>
			<key>includeInIndex</key>
			<string>1</string>
			<key>isa</key>
			<string>PBXFileReference</string>
			<key>lastKnownFileType</key>
			<string>text.xcconfig</string>
			<key>name</key>
			<string>Pods-CheckMates.release.xcconfig</string>
			<key>path</key>
			<string>Pods/Target Support Files/Pods-CheckMates/Pods-CheckMates.release.xcconfig</string>
			<key>sourceTree</key>
			<string>&lt;group&gt;</string>
		</dict>
		<key>2E83515F88033C3127E99269</key>
		<dict>
			<key>buildActionMask</key>
			<string>2147483647</string>
			<key>files</key>
			<array/>
			<key>inputPaths</key>
			<array/>
			<key>isa</key>
			<string>PBXShellScriptBuildPhase</string>
			<key>name</key>
			<string>[CP] Check Pods Manifest.lock</string>
			<key>outputPaths</key>
			<array/>
			<key>runOnlyForDeploymentPostprocessing</key>
			<string>0</string>
			<key>shellPath</key>
			<string>/bin/sh</string>
			<key>shellScript</key>
			<string>diff "${PODS_ROOT}/../Podfile.lock" "${PODS_ROOT}/Manifest.lock" &gt; /dev/null
if [[ $? != 0 ]] ; then
    cat &lt;&lt; EOM
error: The sandbox is not in sync with the Podfile.lock. Run 'pod install' or update your CocoaPods installation.
EOM
    exit 1
fi
</string>
			<key>showEnvVarsInLog</key>
			<string>0</string>
		</dict>
		<key>31B2B97101DE125DCD46C0B7</key>
		<dict>
			<key>fileRef</key>
			<string>6F55CD159FC7F28D72AB191F</string>
			<key>isa</key>
			<string>PBXBuildFile</string>
		</dict>
		<key>37E86A8B1D79D6AA008C4E13</key>
		<dict>
			<key>children</key>
			<array>
				<string>37E86A961D79D6AA008C4E13</string>
				<string>37E86AAE1D79D6AA008C4E13</string>
				<string>37E86A951D79D6AA008C4E13</string>
				<string>08A82514BAE31ECCD4AC90F8</string>
				<string>3850902D61EDD8829772CF83</string>
			</array>
			<key>isa</key>
			<string>PBXGroup</string>
			<key>sourceTree</key>
			<string>&lt;group&gt;</string>
		</dict>
		<key>37E86A8C1D79D6AA008C4E13</key>
		<dict>
			<key>attributes</key>
			<dict>
				<key>LastSwiftUpdateCheck</key>
				<string>0730</string>
				<key>LastUpgradeCheck</key>
				<string>0730</string>
				<key>ORGANIZATIONNAME</key>
				<string>checkMates</string>
				<key>TargetAttributes</key>
				<dict>
					<key>37E86A931D79D6AA008C4E13</key>
					<dict>
						<key>CreatedOnToolsVersion</key>
						<string>7.3.1</string>
					</dict>
					<key>37E86AAA1D79D6AA008C4E13</key>
					<dict>
						<key>CreatedOnToolsVersion</key>
						<string>7.3.1</string>
						<key>TestTargetID</key>
						<string>37E86A931D79D6AA008C4E13</string>
					</dict>
				</dict>
			</dict>
			<key>buildConfigurationList</key>
			<string>37E86A8F1D79D6AA008C4E13</string>
			<key>compatibilityVersion</key>
			<string>Xcode 6.3</string>
			<key>developmentRegion</key>
			<string>English</string>
			<key>hasScannedForEncodings</key>
			<string>0</string>
			<key>isa</key>
			<string>PBXProject</string>
			<key>knownRegions</key>
			<array>
				<string>en</string>
				<string>Base</string>
			</array>
			<key>mainGroup</key>
			<string>37E86A8B1D79D6AA008C4E13</string>
			<key>productRefGroup</key>
			<string>37E86A951D79D6AA008C4E13</string>
			<key>projectDirPath</key>
			<string></string>
			<key>projectReferences</key>
			<array/>
			<key>projectRoot</key>
			<string></string>
			<key>targets</key>
			<array>
				<string>37E86A931D79D6AA008C4E13</string>
				<string>37E86AAA1D79D6AA008C4E13</string>
			</array>
		</dict>
		<key>37E86A8F1D79D6AA008C4E13</key>
		<dict>
			<key>buildConfigurations</key>
			<array>
				<string>37E86AB21D79D6AA008C4E13</string>
				<string>37E86AB31D79D6AA008C4E13</string>
			</array>
			<key>defaultConfigurationIsVisible</key>
			<string>0</string>
			<key>defaultConfigurationName</key>
			<string>Release</string>
			<key>isa</key>
			<string>XCConfigurationList</string>
		</dict>
		<key>37E86A901D79D6AA008C4E13</key>
		<dict>
			<key>buildActionMask</key>
			<string>2147483647</string>
			<key>files</key>
			<array>
				<string>37E86AA01D79D6AA008C4E13</string>
				<string>0D9462671D7BD65A00621D3A</string>
				<string>0D9462691D7BD66D00621D3A</string>
				<string>0D94626B1D7BD97800621D3A</string>
				<string>0D9462651D7BD64100621D3A</string>
				<string>37E86A981D79D6AA008C4E13</string>
				<string>0D9462611D7BC3A400621D3A</string>
			</array>
			<key>isa</key>
			<string>PBXSourcesBuildPhase</string>
			<key>runOnlyForDeploymentPostprocessing</key>
			<string>0</string>
		</dict>
		<key>37E86A911D79D6AA008C4E13</key>
		<dict>
			<key>buildActionMask</key>
			<string>2147483647</string>
			<key>files</key>
			<array>
				<string>A18B52E9BE46F46C4B48CCA8</string>
				<string>7576BF111A7EC78C1D8F62CB</string>
			</array>
			<key>isa</key>
			<string>PBXFrameworksBuildPhase</string>
			<key>runOnlyForDeploymentPostprocessing</key>
			<string>0</string>
		</dict>
		<key>37E86A921D79D6AA008C4E13</key>
		<dict>
			<key>buildActionMask</key>
			<string>2147483647</string>
			<key>files</key>
			<array>
				<string>37E86AA51D79D6AA008C4E13</string>
				<string>0D9462631D7BD08F00621D3A</string>
				<string>37E86A9D1D79D6AA008C4E13</string>
			</array>
			<key>isa</key>
			<string>PBXResourcesBuildPhase</string>
			<key>runOnlyForDeploymentPostprocessing</key>
			<string>0</string>
		</dict>
		<key>37E86A931D79D6AA008C4E13</key>
		<dict>
			<key>buildConfigurationList</key>
			<string>37E86AB41D79D6AA008C4E13</string>
			<key>buildPhases</key>
			<array>
				<string>2E83515F88033C3127E99269</string>
				<string>37E86A901D79D6AA008C4E13</string>
				<string>37E86A911D79D6AA008C4E13</string>
				<string>37E86A921D79D6AA008C4E13</string>
				<string>46BC1541E2CC06FD80040CD7</string>
				<string>6EEA2C3D1871507FE34C1775</string>
			</array>
			<key>buildRules</key>
			<array/>
			<key>dependencies</key>
			<array/>
			<key>isa</key>
			<string>PBXNativeTarget</string>
			<key>name</key>
			<string>CheckMates</string>
			<key>productName</key>
			<string>checkMates</string>
			<key>productReference</key>
			<string>37E86A941D79D6AA008C4E13</string>
			<key>productType</key>
			<string>com.apple.product-type.application</string>
		</dict>
		<key>37E86A941D79D6AA008C4E13</key>
		<dict>
			<key>explicitFileType</key>
			<string>wrapper.application</string>
			<key>includeInIndex</key>
			<string>0</string>
			<key>isa</key>
			<string>PBXFileReference</string>
			<key>path</key>
			<string>CheckMates.app</string>
			<key>sourceTree</key>
			<string>BUILT_PRODUCTS_DIR</string>
		</dict>
		<key>37E86A951D79D6AA008C4E13</key>
		<dict>
			<key>children</key>
			<array>
				<string>37E86A941D79D6AA008C4E13</string>
				<string>37E86AAB1D79D6AA008C4E13</string>
			</array>
			<key>isa</key>
			<string>PBXGroup</string>
			<key>name</key>
			<string>Products</string>
			<key>sourceTree</key>
			<string>&lt;group&gt;</string>
		</dict>
		<key>37E86A961D79D6AA008C4E13</key>
		<dict>
			<key>children</key>
			<array>
				<string>37E86A971D79D6AA008C4E13</string>
				<string>0D9462601D7BC3A400621D3A</string>
				<string>37E86A9B1D79D6AA008C4E13</string>
				<string>0D94626A1D7BD97800621D3A</string>
				<string>0D9462641D7BD64100621D3A</string>
				<string>0D9462661D7BD65A00621D3A</string>
				<string>0D9462681D7BD66D00621D3A</string>
				<string>37E86AA31D79D6AA008C4E13</string>
				<string>37E86AA61D79D6AA008C4E13</string>
				<string>0D9462621D7BD08F00621D3A</string>
				<string>37E86A9E1D79D6AA008C4E13</string>
			</array>
			<key>isa</key>
			<string>PBXGroup</string>
			<key>name</key>
			<string>CheckMates</string>
			<key>path</key>
			<string>checkMates</string>
			<key>sourceTree</key>
			<string>&lt;group&gt;</string>
		</dict>
		<key>37E86A971D79D6AA008C4E13</key>
		<dict>
			<key>isa</key>
			<string>PBXFileReference</string>
			<key>lastKnownFileType</key>
			<string>sourcecode.swift</string>
			<key>path</key>
			<string>AppDelegate.swift</string>
			<key>sourceTree</key>
			<string>&lt;group&gt;</string>
		</dict>
		<key>37E86A981D79D6AA008C4E13</key>
		<dict>
			<key>fileRef</key>
			<string>37E86A971D79D6AA008C4E13</string>
			<key>isa</key>
			<string>PBXBuildFile</string>
		</dict>
		<key>37E86A9B1D79D6AA008C4E13</key>
		<dict>
			<key>children</key>
			<array>
				<string>37E86A9C1D79D6AA008C4E13</string>
			</array>
			<key>isa</key>
			<string>PBXVariantGroup</string>
			<key>name</key>
			<string>Main.storyboard</string>
			<key>sourceTree</key>
			<string>&lt;group&gt;</string>
		</dict>
		<key>37E86A9C1D79D6AA008C4E13</key>
		<dict>
			<key>isa</key>
			<string>PBXFileReference</string>
			<key>lastKnownFileType</key>
			<string>file.storyboard</string>
			<key>name</key>
			<string>Base</string>
			<key>path</key>
			<string>Base.lproj/Main.storyboard</string>
			<key>sourceTree</key>
			<string>&lt;group&gt;</string>
		</dict>
		<key>37E86A9D1D79D6AA008C4E13</key>
		<dict>
			<key>fileRef</key>
			<string>37E86A9B1D79D6AA008C4E13</string>
			<key>isa</key>
			<string>PBXBuildFile</string>
		</dict>
		<key>37E86A9E1D79D6AA008C4E13</key>
		<dict>
			<key>children</key>
			<array>
				<string>37E86A9F1D79D6AA008C4E13</string>
			</array>
			<key>currentVersion</key>
			<string>37E86A9F1D79D6AA008C4E13</string>
			<key>isa</key>
			<string>XCVersionGroup</string>
			<key>path</key>
			<string>checkMates.xcdatamodeld</string>
			<key>sourceTree</key>
			<string>&lt;group&gt;</string>
			<key>versionGroupType</key>
			<string>wrapper.xcdatamodel</string>
		</dict>
		<key>37E86A9F1D79D6AA008C4E13</key>
		<dict>
			<key>isa</key>
			<string>PBXFileReference</string>
			<key>lastKnownFileType</key>
			<string>wrapper.xcdatamodel</string>
			<key>path</key>
			<string>checkMates.xcdatamodel</string>
			<key>sourceTree</key>
			<string>&lt;group&gt;</string>
		</dict>
		<key>37E86AA01D79D6AA008C4E13</key>
		<dict>
			<key>fileRef</key>
			<string>37E86A9E1D79D6AA008C4E13</string>
			<key>isa</key>
			<string>PBXBuildFile</string>
		</dict>
		<key>37E86AA31D79D6AA008C4E13</key>
		<dict>
			<key>children</key>
			<array>
				<string>37E86AA41D79D6AA008C4E13</string>
			</array>
			<key>isa</key>
			<string>PBXVariantGroup</string>
			<key>name</key>
			<string>LaunchScreen.storyboard</string>
			<key>sourceTree</key>
			<string>&lt;group&gt;</string>
		</dict>
		<key>37E86AA41D79D6AA008C4E13</key>
		<dict>
			<key>isa</key>
			<string>PBXFileReference</string>
			<key>lastKnownFileType</key>
			<string>file.storyboard</string>
			<key>name</key>
			<string>Base</string>
			<key>path</key>
			<string>Base.lproj/LaunchScreen.storyboard</string>
			<key>sourceTree</key>
			<string>&lt;group&gt;</string>
		</dict>
		<key>37E86AA51D79D6AA008C4E13</key>
		<dict>
			<key>fileRef</key>
			<string>37E86AA31D79D6AA008C4E13</string>
			<key>isa</key>
			<string>PBXBuildFile</string>
		</dict>
		<key>37E86AA61D79D6AA008C4E13</key>
		<dict>
			<key>isa</key>
			<string>PBXFileReference</string>
			<key>lastKnownFileType</key>
			<string>text.plist.xml</string>
			<key>path</key>
			<string>Info.plist</string>
			<key>sourceTree</key>
			<string>&lt;group&gt;</string>
		</dict>
		<key>37E86AA71D79D6AA008C4E13</key>
		<dict>
			<key>buildActionMask</key>
			<string>2147483647</string>
			<key>files</key>
			<array>
				<string>37E86AB01D79D6AA008C4E13</string>
			</array>
			<key>isa</key>
			<string>PBXSourcesBuildPhase</string>
			<key>runOnlyForDeploymentPostprocessing</key>
			<string>0</string>
		</dict>
		<key>37E86AA81D79D6AA008C4E13</key>
		<dict>
			<key>buildActionMask</key>
			<string>2147483647</string>
			<key>files</key>
			<array>
				<string>31B2B97101DE125DCD46C0B7</string>
			</array>
			<key>isa</key>
			<string>PBXFrameworksBuildPhase</string>
			<key>runOnlyForDeploymentPostprocessing</key>
			<string>0</string>
		</dict>
		<key>37E86AA91D79D6AA008C4E13</key>
		<dict>
			<key>buildActionMask</key>
			<string>2147483647</string>
			<key>files</key>
			<array/>
			<key>isa</key>
			<string>PBXResourcesBuildPhase</string>
			<key>runOnlyForDeploymentPostprocessing</key>
			<string>0</string>
		</dict>
		<key>37E86AAA1D79D6AA008C4E13</key>
		<dict>
			<key>buildConfigurationList</key>
			<string>37E86AB71D79D6AA008C4E13</string>
			<key>buildPhases</key>
			<array>
				<string>E9BE9DB6814EB3451450518B</string>
				<string>37E86AA71D79D6AA008C4E13</string>
				<string>37E86AA81D79D6AA008C4E13</string>
				<string>37E86AA91D79D6AA008C4E13</string>
				<string>7514B9F60D365119CAFE680A</string>
				<string>DBED5FC93C61423921BE1A5B</string>
			</array>
			<key>buildRules</key>
			<array/>
			<key>dependencies</key>
			<array>
				<string>37E86AAD1D79D6AA008C4E13</string>
			</array>
			<key>isa</key>
			<string>PBXNativeTarget</string>
			<key>name</key>
			<string>checkMatesTests</string>
			<key>productName</key>
			<string>checkMatesTests</string>
			<key>productReference</key>
			<string>37E86AAB1D79D6AA008C4E13</string>
			<key>productType</key>
			<string>com.apple.product-type.bundle.unit-test</string>
		</dict>
		<key>37E86AAB1D79D6AA008C4E13</key>
		<dict>
			<key>explicitFileType</key>
			<string>wrapper.cfbundle</string>
			<key>includeInIndex</key>
			<string>0</string>
			<key>isa</key>
			<string>PBXFileReference</string>
			<key>path</key>
			<string>checkMatesTests.xctest</string>
			<key>sourceTree</key>
			<string>BUILT_PRODUCTS_DIR</string>
		</dict>
		<key>37E86AAC1D79D6AA008C4E13</key>
		<dict>
			<key>containerPortal</key>
			<string>37E86A8C1D79D6AA008C4E13</string>
			<key>isa</key>
			<string>PBXContainerItemProxy</string>
			<key>proxyType</key>
			<string>1</string>
			<key>remoteGlobalIDString</key>
			<string>37E86A931D79D6AA008C4E13</string>
			<key>remoteInfo</key>
			<string>checkMates</string>
		</dict>
		<key>37E86AAD1D79D6AA008C4E13</key>
		<dict>
			<key>isa</key>
			<string>PBXTargetDependency</string>
			<key>target</key>
			<string>37E86A931D79D6AA008C4E13</string>
			<key>targetProxy</key>
			<string>37E86AAC1D79D6AA008C4E13</string>
		</dict>
		<key>37E86AAE1D79D6AA008C4E13</key>
		<dict>
			<key>children</key>
			<array>
				<string>37E86AAF1D79D6AA008C4E13</string>
				<string>37E86AB11D79D6AA008C4E13</string>
			</array>
			<key>isa</key>
			<string>PBXGroup</string>
			<key>path</key>
			<string>checkMatesTests</string>
			<key>sourceTree</key>
			<string>&lt;group&gt;</string>
		</dict>
		<key>37E86AAF1D79D6AA008C4E13</key>
		<dict>
			<key>isa</key>
			<string>PBXFileReference</string>
			<key>lastKnownFileType</key>
			<string>sourcecode.swift</string>
			<key>path</key>
			<string>checkMatesTests.swift</string>
			<key>sourceTree</key>
			<string>&lt;group&gt;</string>
		</dict>
		<key>37E86AB01D79D6AA008C4E13</key>
		<dict>
			<key>fileRef</key>
			<string>37E86AAF1D79D6AA008C4E13</string>
			<key>isa</key>
			<string>PBXBuildFile</string>
		</dict>
		<key>37E86AB11D79D6AA008C4E13</key>
		<dict>
			<key>isa</key>
			<string>PBXFileReference</string>
			<key>lastKnownFileType</key>
			<string>text.plist.xml</string>
			<key>path</key>
			<string>Info.plist</string>
			<key>sourceTree</key>
			<string>&lt;group&gt;</string>
		</dict>
		<key>37E86AB21D79D6AA008C4E13</key>
		<dict>
			<key>buildSettings</key>
			<dict>
				<key>ALWAYS_SEARCH_USER_PATHS</key>
				<string>NO</string>
				<key>CLANG_ANALYZER_NONNULL</key>
				<string>YES</string>
				<key>CLANG_CXX_LANGUAGE_STANDARD</key>
				<string>gnu++0x</string>
				<key>CLANG_CXX_LIBRARY</key>
				<string>libc++</string>
				<key>CLANG_ENABLE_MODULES</key>
				<string>YES</string>
				<key>CLANG_ENABLE_OBJC_ARC</key>
				<string>YES</string>
				<key>CLANG_WARN_BOOL_CONVERSION</key>
				<string>YES</string>
				<key>CLANG_WARN_CONSTANT_CONVERSION</key>
				<string>YES</string>
				<key>CLANG_WARN_DIRECT_OBJC_ISA_USAGE</key>
				<string>YES_ERROR</string>
				<key>CLANG_WARN_EMPTY_BODY</key>
				<string>YES</string>
				<key>CLANG_WARN_ENUM_CONVERSION</key>
				<string>YES</string>
				<key>CLANG_WARN_INT_CONVERSION</key>
				<string>YES</string>
				<key>CLANG_WARN_OBJC_ROOT_CLASS</key>
				<string>YES_ERROR</string>
				<key>CLANG_WARN_UNREACHABLE_CODE</key>
				<string>YES</string>
				<key>CLANG_WARN__DUPLICATE_METHOD_MATCH</key>
				<string>YES</string>
				<key>CODE_SIGN_IDENTITY[sdk=iphoneos*]</key>
				<string>iPhone Developer</string>
				<key>COPY_PHASE_STRIP</key>
				<string>NO</string>
				<key>DEBUG_INFORMATION_FORMAT</key>
				<string>dwarf</string>
				<key>ENABLE_STRICT_OBJC_MSGSEND</key>
				<string>YES</string>
				<key>ENABLE_TESTABILITY</key>
				<string>YES</string>
				<key>GCC_C_LANGUAGE_STANDARD</key>
				<string>gnu99</string>
				<key>GCC_DYNAMIC_NO_PIC</key>
				<string>NO</string>
				<key>GCC_NO_COMMON_BLOCKS</key>
				<string>YES</string>
				<key>GCC_OPTIMIZATION_LEVEL</key>
				<string>0</string>
				<key>GCC_PREPROCESSOR_DEFINITIONS</key>
				<array>
					<string>DEBUG=1</string>
					<string>$(inherited)</string>
				</array>
				<key>GCC_WARN_64_TO_32_BIT_CONVERSION</key>
				<string>YES</string>
				<key>GCC_WARN_ABOUT_RETURN_TYPE</key>
				<string>YES_ERROR</string>
				<key>GCC_WARN_UNDECLARED_SELECTOR</key>
				<string>YES</string>
				<key>GCC_WARN_UNINITIALIZED_AUTOS</key>
				<string>YES_AGGRESSIVE</string>
				<key>GCC_WARN_UNUSED_FUNCTION</key>
				<string>YES</string>
				<key>GCC_WARN_UNUSED_VARIABLE</key>
				<string>YES</string>
				<key>IPHONEOS_DEPLOYMENT_TARGET</key>
				<string>9.3</string>
				<key>MTL_ENABLE_DEBUG_INFO</key>
				<string>YES</string>
				<key>ONLY_ACTIVE_ARCH</key>
				<string>YES</string>
				<key>SDKROOT</key>
				<string>iphoneos</string>
				<key>SWIFT_OPTIMIZATION_LEVEL</key>
				<string>-Onone</string>
				<key>TARGETED_DEVICE_FAMILY</key>
				<string>1,2</string>
			</dict>
			<key>isa</key>
			<string>XCBuildConfiguration</string>
			<key>name</key>
			<string>Debug</string>
		</dict>
		<key>37E86AB31D79D6AA008C4E13</key>
		<dict>
			<key>buildSettings</key>
			<dict>
				<key>ALWAYS_SEARCH_USER_PATHS</key>
				<string>NO</string>
				<key>CLANG_ANALYZER_NONNULL</key>
				<string>YES</string>
				<key>CLANG_CXX_LANGUAGE_STANDARD</key>
				<string>gnu++0x</string>
				<key>CLANG_CXX_LIBRARY</key>
				<string>libc++</string>
				<key>CLANG_ENABLE_MODULES</key>
				<string>YES</string>
				<key>CLANG_ENABLE_OBJC_ARC</key>
				<string>YES</string>
				<key>CLANG_WARN_BOOL_CONVERSION</key>
				<string>YES</string>
				<key>CLANG_WARN_CONSTANT_CONVERSION</key>
				<string>YES</string>
				<key>CLANG_WARN_DIRECT_OBJC_ISA_USAGE</key>
				<string>YES_ERROR</string>
				<key>CLANG_WARN_EMPTY_BODY</key>
				<string>YES</string>
				<key>CLANG_WARN_ENUM_CONVERSION</key>
				<string>YES</string>
				<key>CLANG_WARN_INT_CONVERSION</key>
				<string>YES</string>
				<key>CLANG_WARN_OBJC_ROOT_CLASS</key>
				<string>YES_ERROR</string>
				<key>CLANG_WARN_UNREACHABLE_CODE</key>
				<string>YES</string>
				<key>CLANG_WARN__DUPLICATE_METHOD_MATCH</key>
				<string>YES</string>
				<key>CODE_SIGN_IDENTITY[sdk=iphoneos*]</key>
				<string>iPhone Developer</string>
				<key>COPY_PHASE_STRIP</key>
				<string>NO</string>
				<key>DEBUG_INFORMATION_FORMAT</key>
				<string>dwarf-with-dsym</string>
				<key>ENABLE_NS_ASSERTIONS</key>
				<string>NO</string>
				<key>ENABLE_STRICT_OBJC_MSGSEND</key>
				<string>YES</string>
				<key>GCC_C_LANGUAGE_STANDARD</key>
				<string>gnu99</string>
				<key>GCC_NO_COMMON_BLOCKS</key>
				<string>YES</string>
				<key>GCC_WARN_64_TO_32_BIT_CONVERSION</key>
				<string>YES</string>
				<key>GCC_WARN_ABOUT_RETURN_TYPE</key>
				<string>YES_ERROR</string>
				<key>GCC_WARN_UNDECLARED_SELECTOR</key>
				<string>YES</string>
				<key>GCC_WARN_UNINITIALIZED_AUTOS</key>
				<string>YES_AGGRESSIVE</string>
				<key>GCC_WARN_UNUSED_FUNCTION</key>
				<string>YES</string>
				<key>GCC_WARN_UNUSED_VARIABLE</key>
				<string>YES</string>
				<key>IPHONEOS_DEPLOYMENT_TARGET</key>
				<string>9.3</string>
				<key>MTL_ENABLE_DEBUG_INFO</key>
				<string>NO</string>
				<key>SDKROOT</key>
				<string>iphoneos</string>
				<key>TARGETED_DEVICE_FAMILY</key>
				<string>1,2</string>
				<key>VALIDATE_PRODUCT</key>
				<string>YES</string>
			</dict>
			<key>isa</key>
			<string>XCBuildConfiguration</string>
			<key>name</key>
			<string>Release</string>
		</dict>
		<key>37E86AB41D79D6AA008C4E13</key>
		<dict>
			<key>buildConfigurations</key>
			<array>
				<string>37E86AB51D79D6AA008C4E13</string>
				<string>37E86AB61D79D6AA008C4E13</string>
			</array>
			<key>defaultConfigurationIsVisible</key>
			<string>0</string>
			<key>defaultConfigurationName</key>
			<string>Release</string>
			<key>isa</key>
			<string>XCConfigurationList</string>
		</dict>
		<key>37E86AB51D79D6AA008C4E13</key>
		<dict>
			<key>baseConfigurationReference</key>
			<string>D2765000CA654D086380CEDF</string>
			<key>buildSettings</key>
			<dict>
				<key>ASSETCATALOG_COMPILER_APPICON_NAME</key>
				<string>AppIcon</string>
				<key>INFOPLIST_FILE</key>
				<string>checkMates/Info.plist</string>
				<key>LD_RUNPATH_SEARCH_PATHS</key>
				<string>$(inherited) @executable_path/Frameworks</string>
				<key>PRODUCT_BUNDLE_IDENTIFIER</key>
				<string>com.checkmatesapp.CheckMates</string>
				<key>PRODUCT_NAME</key>
				<string>CheckMates</string>
				<key>TARGETED_DEVICE_FAMILY</key>
				<string>1</string>
			</dict>
			<key>isa</key>
			<string>XCBuildConfiguration</string>
			<key>name</key>
			<string>Debug</string>
		</dict>
		<key>37E86AB61D79D6AA008C4E13</key>
		<dict>
			<key>baseConfigurationReference</key>
			<string>2DC6C1859DFE4CA960B5328A</string>
			<key>buildSettings</key>
			<dict>
				<key>ASSETCATALOG_COMPILER_APPICON_NAME</key>
				<string>AppIcon</string>
				<key>INFOPLIST_FILE</key>
				<string>checkMates/Info.plist</string>
				<key>LD_RUNPATH_SEARCH_PATHS</key>
				<string>$(inherited) @executable_path/Frameworks</string>
				<key>PRODUCT_BUNDLE_IDENTIFIER</key>
				<string>com.checkmatesapp.CheckMates</string>
				<key>PRODUCT_NAME</key>
				<string>CheckMates</string>
				<key>TARGETED_DEVICE_FAMILY</key>
				<string>1</string>
			</dict>
			<key>isa</key>
			<string>XCBuildConfiguration</string>
			<key>name</key>
			<string>Release</string>
		</dict>
		<key>37E86AB71D79D6AA008C4E13</key>
		<dict>
			<key>buildConfigurations</key>
			<array>
				<string>37E86AB81D79D6AA008C4E13</string>
				<string>37E86AB91D79D6AA008C4E13</string>
			</array>
			<key>defaultConfigurationIsVisible</key>
			<string>0</string>
			<key>defaultConfigurationName</key>
			<string>Release</string>
			<key>isa</key>
			<string>XCConfigurationList</string>
		</dict>
		<key>37E86AB81D79D6AA008C4E13</key>
		<dict>
			<key>baseConfigurationReference</key>
			<string>FF31C7DB4B4D02BE41807111</string>
			<key>buildSettings</key>
			<dict>
				<key>BUNDLE_LOADER</key>
				<string>$(TEST_HOST)</string>
				<key>INFOPLIST_FILE</key>
				<string>checkMatesTests/Info.plist</string>
				<key>LD_RUNPATH_SEARCH_PATHS</key>
				<string>$(inherited) @executable_path/Frameworks @loader_path/Frameworks</string>
				<key>PRODUCT_BUNDLE_IDENTIFIER</key>
				<string>com.checkmatesapp.checkMatesTests</string>
				<key>PRODUCT_NAME</key>
				<string>$(TARGET_NAME)</string>
				<key>TEST_HOST</key>
				<string>$(BUILT_PRODUCTS_DIR)/CheckMates.app/CheckMates</string>
			</dict>
			<key>isa</key>
			<string>XCBuildConfiguration</string>
			<key>name</key>
			<string>Debug</string>
		</dict>
		<key>37E86AB91D79D6AA008C4E13</key>
		<dict>
			<key>baseConfigurationReference</key>
			<string>6FBD813886AD076F330957DF</string>
			<key>buildSettings</key>
			<dict>
				<key>BUNDLE_LOADER</key>
				<string>$(TEST_HOST)</string>
				<key>INFOPLIST_FILE</key>
				<string>checkMatesTests/Info.plist</string>
				<key>LD_RUNPATH_SEARCH_PATHS</key>
				<string>$(inherited) @executable_path/Frameworks @loader_path/Frameworks</string>
				<key>PRODUCT_BUNDLE_IDENTIFIER</key>
				<string>com.checkmatesapp.checkMatesTests</string>
				<key>PRODUCT_NAME</key>
				<string>$(TARGET_NAME)</string>
				<key>TEST_HOST</key>
				<string>$(BUILT_PRODUCTS_DIR)/CheckMates.app/CheckMates</string>
			</dict>
			<key>isa</key>
			<string>XCBuildConfiguration</string>
			<key>name</key>
			<string>Release</string>
		</dict>
		<key>3850902D61EDD8829772CF83</key>
		<dict>
			<key>children</key>
			<array>
				<string>4C29D19A4856EF622B54D053</string>
				<string>6F55CD159FC7F28D72AB191F</string>
				<string>10D331BD55CDF0FE642AD432</string>
			</array>
			<key>isa</key>
			<string>PBXGroup</string>
			<key>name</key>
			<string>Frameworks</string>
			<key>sourceTree</key>
			<string>&lt;group&gt;</string>
		</dict>
		<key>3FB9AF96E783179B2D9DB3A7</key>
		<dict>
			<key>includeInIndex</key>
			<string>1</string>
			<key>isa</key>
			<string>PBXFileReference</string>
			<key>lastKnownFileType</key>
			<string>text.xcconfig</string>
			<key>name</key>
			<string>Pods-checkMates.debug.xcconfig</string>
			<key>path</key>
			<string>Pods/Target Support Files/Pods-checkMates/Pods-checkMates.debug.xcconfig</string>
			<key>sourceTree</key>
			<string>&lt;group&gt;</string>
		</dict>
		<key>46BC1541E2CC06FD80040CD7</key>
		<dict>
			<key>buildActionMask</key>
			<string>2147483647</string>
			<key>files</key>
			<array/>
			<key>inputPaths</key>
			<array/>
			<key>isa</key>
			<string>PBXShellScriptBuildPhase</string>
			<key>name</key>
			<string>[CP] Embed Pods Frameworks</string>
			<key>outputPaths</key>
			<array/>
			<key>runOnlyForDeploymentPostprocessing</key>
			<string>0</string>
			<key>shellPath</key>
			<string>/bin/sh</string>
			<key>shellScript</key>
			<string>"${SRCROOT}/Pods/Target Support Files/Pods-CheckMates/Pods-CheckMates-frameworks.sh"
</string>
			<key>showEnvVarsInLog</key>
			<string>0</string>
		</dict>
		<key>4C29D19A4856EF622B54D053</key>
		<dict>
			<key>explicitFileType</key>
			<string>wrapper.framework</string>
			<key>includeInIndex</key>
			<string>0</string>
			<key>isa</key>
			<string>PBXFileReference</string>
			<key>path</key>
			<string>Pods_checkMates.framework</string>
			<key>sourceTree</key>
			<string>BUILT_PRODUCTS_DIR</string>
		</dict>
		<key>6EEA2C3D1871507FE34C1775</key>
		<dict>
			<key>buildActionMask</key>
			<string>2147483647</string>
			<key>files</key>
			<array/>
			<key>inputPaths</key>
			<array/>
			<key>isa</key>
			<string>PBXShellScriptBuildPhase</string>
			<key>name</key>
			<string>[CP] Copy Pods Resources</string>
			<key>outputPaths</key>
			<array/>
			<key>runOnlyForDeploymentPostprocessing</key>
			<string>0</string>
			<key>shellPath</key>
			<string>/bin/sh</string>
			<key>shellScript</key>
			<string>"${SRCROOT}/Pods/Target Support Files/Pods-CheckMates/Pods-CheckMates-resources.sh"
</string>
			<key>showEnvVarsInLog</key>
			<string>0</string>
		</dict>
		<key>6F55CD159FC7F28D72AB191F</key>
		<dict>
			<key>explicitFileType</key>
			<string>wrapper.framework</string>
			<key>includeInIndex</key>
			<string>0</string>
			<key>isa</key>
			<string>PBXFileReference</string>
			<key>path</key>
			<string>Pods_checkMatesTests.framework</string>
			<key>sourceTree</key>
			<string>BUILT_PRODUCTS_DIR</string>
		</dict>
		<key>6FBD813886AD076F330957DF</key>
		<dict>
			<key>includeInIndex</key>
			<string>1</string>
			<key>isa</key>
			<string>PBXFileReference</string>
			<key>lastKnownFileType</key>
			<string>text.xcconfig</string>
			<key>name</key>
			<string>Pods-checkMatesTests.release.xcconfig</string>
			<key>path</key>
			<string>Pods/Target Support Files/Pods-checkMatesTests/Pods-checkMatesTests.release.xcconfig</string>
			<key>sourceTree</key>
			<string>&lt;group&gt;</string>
		</dict>
		<key>7514B9F60D365119CAFE680A</key>
		<dict>
			<key>buildActionMask</key>
			<string>2147483647</string>
			<key>files</key>
			<array/>
			<key>inputPaths</key>
			<array/>
			<key>isa</key>
			<string>PBXShellScriptBuildPhase</string>
			<key>name</key>
			<string>[CP] Embed Pods Frameworks</string>
			<key>outputPaths</key>
			<array/>
			<key>runOnlyForDeploymentPostprocessing</key>
			<string>0</string>
			<key>shellPath</key>
			<string>/bin/sh</string>
			<key>shellScript</key>
			<string>"${SRCROOT}/Pods/Target Support Files/Pods-checkMatesTests/Pods-checkMatesTests-frameworks.sh"
</string>
			<key>showEnvVarsInLog</key>
			<string>0</string>
		</dict>
		<key>7576BF111A7EC78C1D8F62CB</key>
		<dict>
			<key>fileRef</key>
			<string>10D331BD55CDF0FE642AD432</string>
			<key>isa</key>
			<string>PBXBuildFile</string>
		</dict>
		<key>A18B52E9BE46F46C4B48CCA8</key>
		<dict>
			<key>fileRef</key>
			<string>4C29D19A4856EF622B54D053</string>
			<key>isa</key>
			<string>PBXBuildFile</string>
		</dict>
		<key>D04E908A4BFC81243AB043F0</key>
		<dict>
			<key>includeInIndex</key>
			<string>1</string>
			<key>isa</key>
			<string>PBXFileReference</string>
			<key>lastKnownFileType</key>
			<string>text.xcconfig</string>
			<key>name</key>
			<string>Pods-checkMates.release.xcconfig</string>
			<key>path</key>
			<string>Pods/Target Support Files/Pods-checkMates/Pods-checkMates.release.xcconfig</string>
			<key>sourceTree</key>
			<string>&lt;group&gt;</string>
		</dict>
		<key>D2765000CA654D086380CEDF</key>
		<dict>
			<key>includeInIndex</key>
			<string>1</string>
			<key>isa</key>
			<string>PBXFileReference</string>
			<key>lastKnownFileType</key>
			<string>text.xcconfig</string>
			<key>name</key>
			<string>Pods-CheckMates.debug.xcconfig</string>
			<key>path</key>
			<string>Pods/Target Support Files/Pods-CheckMates/Pods-CheckMates.debug.xcconfig</string>
			<key>sourceTree</key>
			<string>&lt;group&gt;</string>
		</dict>
		<key>DBED5FC93C61423921BE1A5B</key>
		<dict>
			<key>buildActionMask</key>
			<string>2147483647</string>
			<key>files</key>
			<array/>
			<key>inputPaths</key>
			<array/>
			<key>isa</key>
			<string>PBXShellScriptBuildPhase</string>
			<key>name</key>
			<string>[CP] Copy Pods Resources</string>
			<key>outputPaths</key>
			<array/>
			<key>runOnlyForDeploymentPostprocessing</key>
			<string>0</string>
			<key>shellPath</key>
			<string>/bin/sh</string>
			<key>shellScript</key>
			<string>"${SRCROOT}/Pods/Target Support Files/Pods-checkMatesTests/Pods-checkMatesTests-resources.sh"
</string>
			<key>showEnvVarsInLog</key>
			<string>0</string>
		</dict>
		<key>E9BE9DB6814EB3451450518B</key>
		<dict>
			<key>buildActionMask</key>
			<string>2147483647</string>
			<key>files</key>
			<array/>
			<key>inputPaths</key>
			<array/>
			<key>isa</key>
			<string>PBXShellScriptBuildPhase</string>
			<key>name</key>
			<string>[CP] Check Pods Manifest.lock</string>
			<key>outputPaths</key>
			<array/>
			<key>runOnlyForDeploymentPostprocessing</key>
			<string>0</string>
			<key>shellPath</key>
			<string>/bin/sh</string>
			<key>shellScript</key>
			<string>diff "${PODS_ROOT}/../Podfile.lock" "${PODS_ROOT}/Manifest.lock" &gt; /dev/null
if [[ $? != 0 ]] ; then
    cat &lt;&lt; EOM
error: The sandbox is not in sync with the Podfile.lock. Run 'pod install' or update your CocoaPods installation.
EOM
    exit 1
fi
</string>
			<key>showEnvVarsInLog</key>
			<string>0</string>
		</dict>
		<key>FF31C7DB4B4D02BE41807111</key>
		<dict>
			<key>includeInIndex</key>
			<string>1</string>
			<key>isa</key>
			<string>PBXFileReference</string>
			<key>lastKnownFileType</key>
			<string>text.xcconfig</string>
			<key>name</key>
			<string>Pods-checkMatesTests.debug.xcconfig</string>
			<key>path</key>
			<string>Pods/Target Support Files/Pods-checkMatesTests/Pods-checkMatesTests.debug.xcconfig</string>
			<key>sourceTree</key>
			<string>&lt;group&gt;</string>
		</dict>
	</dict>
	<key>rootObject</key>
	<string>37E86A8C1D79D6AA008C4E13</string>
</dict>
</plist>
